# This file is automatically @generated by Cargo.
# It is not intended for manual editing.
version = 3

[[package]]
name = "httparse"
version = "1.6.0"
source = "registry+https://github.com/rust-lang/crates.io-index"
checksum = "9100414882e15fb7feccb4897e5f0ff0ff1ca7d1a86a23208ada4d7a18e6c6c4"

[[package]]
name = "server"
version = "0.1.0"
dependencies = [
 "httparse",
]
